
Microsoft Visual Studio Solution File, Format Version 12.00
# Visual Studio 15
VisualStudioVersion = 15.0.26430.14
MinimumVisualStudioVersion = 10.0.40219.1
Project("{FAE04EC0-301F-11D3-BF4B-00C04F79EFBC}") = "MKVTools", "MakeMKV\MKVTools.csproj", "{B9987165-63AB-44BE-B994-FC0D62FE3F06}"
EndProject
Project("{FAE04EC0-301F-11D3-BF4B-00C04F79EFBC}") = "BatchMKV", "BatchMKV\BatchMKV.csproj", "{4AF001D3-8475-4EE1-B68A-38B7E0868A6F}"
EndProject
Project("{FAE04EC0-301F-11D3-BF4B-00C04F79EFBC}") = "Tests", "Tests\Tests.csproj", "{19926C9E-3A13-4918-A209-5C8F7D4CEC15}"
	ProjectSection(ProjectDependencies) = postProject
		{B9987165-63AB-44BE-B994-FC0D62FE3F06} = {B9987165-63AB-44BE-B994-FC0D62FE3F06}
		{4AF001D3-8475-4EE1-B68A-38B7E0868A6F} = {4AF001D3-8475-4EE1-B68A-38B7E0868A6F}
	EndProjectSection
EndProject
Project("{FAE04EC0-301F-11D3-BF4B-00C04F79EFBC}") = "EventLogger", "EventLogger\EventLogger.csproj", "{B45FDC39-7100-4C8F-9B5E-353C889A66D5}"
EndProject
Project("{FAE04EC0-301F-11D3-BF4B-00C04F79EFBC}") = "ObjectListView2012", "ObjectListView\ObjectListView2012.csproj", "{18FEDA0C-D147-4286-B39A-01204808106A}"
EndProject
Global
	GlobalSection(SolutionConfigurationPlatforms) = preSolution
		Debug|Any CPU = Debug|Any CPU
		Release|Any CPU = Release|Any CPU
	EndGlobalSection
	GlobalSection(ProjectConfigurationPlatforms) = postSolution
		{B9987165-63AB-44BE-B994-FC0D62FE3F06}.Debug|Any CPU.ActiveCfg = Debug|Any CPU
		{B9987165-63AB-44BE-B994-FC0D62FE3F06}.Debug|Any CPU.Build.0 = Debug|Any CPU
		{B9987165-63AB-44BE-B994-FC0D62FE3F06}.Release|Any CPU.ActiveCfg = Release|Any CPU
		{B9987165-63AB-44BE-B994-FC0D62FE3F06}.Release|Any CPU.Build.0 = Release|Any CPU
		{4AF001D3-8475-4EE1-B68A-38B7E0868A6F}.Debug|Any CPU.ActiveCfg = Debug|Any CPU
		{4AF001D3-8475-4EE1-B68A-38B7E0868A6F}.Debug|Any CPU.Build.0 = Debug|Any CPU
		{4AF001D3-8475-4EE1-B68A-38B7E0868A6F}.Release|Any CPU.ActiveCfg = Release|Any CPU
		{4AF001D3-8475-4EE1-B68A-38B7E0868A6F}.Release|Any CPU.Build.0 = Release|Any CPU
		{19926C9E-3A13-4918-A209-5C8F7D4CEC15}.Debug|Any CPU.ActiveCfg = Debug|Any CPU
		{19926C9E-3A13-4918-A209-5C8F7D4CEC15}.Debug|Any CPU.Build.0 = Debug|Any CPU
		{19926C9E-3A13-4918-A209-5C8F7D4CEC15}.Release|Any CPU.ActiveCfg = Release|Any CPU
		{B45FDC39-7100-4C8F-9B5E-353C889A66D5}.Debug|Any CPU.ActiveCfg = Debug|Any CPU
		{B45FDC39-7100-4C8F-9B5E-353C889A66D5}.Debug|Any CPU.Build.0 = Debug|Any CPU
		{B45FDC39-7100-4C8F-9B5E-353C889A66D5}.Release|Any CPU.ActiveCfg = Release|Any CPU
		{B45FDC39-7100-4C8F-9B5E-353C889A66D5}.Release|Any CPU.Build.0 = Release|Any CPU
		{18FEDA0C-D147-4286-B39A-01204808106A}.Debug|Any CPU.ActiveCfg = Debug|Any CPU
		{18FEDA0C-D147-4286-B39A-01204808106A}.Debug|Any CPU.Build.0 = Debug|Any CPU
		{18FEDA0C-D147-4286-B39A-01204808106A}.Release|Any CPU.ActiveCfg = Release|Any CPU
		{18FEDA0C-D147-4286-B39A-01204808106A}.Release|Any CPU.Build.0 = Release|Any CPU
	EndGlobalSection
	GlobalSection(SolutionProperties) = preSolution
		HideSolutionNode = FALSE
	EndGlobalSection
EndGlobal
